{
  "requires": true,
  "lockfileVersion": 1,
  "dependencies": {
    "ngx-cookie-service": {
      "version": "10.0.1",
      "resolved": "https://registry.npmjs.org/ngx-cookie-service/-/ngx-cookie-service-10.0.1.tgz",
      "integrity": "sha512-QRafo2KuAQxdIZhiu2S0DhpwrkPxVDP34NlfluS4NnAU+8TeOPiKwrqZo/y1FYgxKtQgL1gjjs8KQHDYeR/7gQ==",
      "requires": {
        "tslib": "^2.0.0"
      }
    },
    "tslib": {
      "version": "2.0.1",
      "resolved": "https://registry.npmjs.org/tslib/-/tslib-2.0.1.tgz",
      "integrity": "sha512-SgIkNheinmEBgx1IUNirK0TUD4X9yjjBRTqqjggWCU3pUEqIk3/Uwl3yRixYKT6WjQuGiwDv4NomL3wqRCj+CQ=="
    }
  }
}
